
Microsoft Visual Studio Solution File, Format Version 12.00
# Visual Studio Version 17
VisualStudioVersion = 17.3.32825.248
MinimumVisualStudioVersion = 10.0.40219.1
Project("{9A19103F-16F7-4668-BE54-9A1E7A4F7556}") = "LW3", "LW3.csproj", "{D9D14760-9FEE-4AB0-9FF1-61211113C0D0}"
EndProject
Project("{FAE04EC0-301F-11D3-BF4B-00C04F79EFBC}") = "LW3.2", "..\LW3.2\LW3.2.csproj", "{421BF214-F4A5-467B-B41B-6BE06997A701}"
EndProject
Global
	GlobalSection(SolutionConfigurationPlatforms) = preSolution
		Debug|Any CPU = Debug|Any CPU
		Release|Any CPU = Release|Any CPU
	EndGlobalSection
	GlobalSection(ProjectConfigurationPlatforms) = postSolution
		{D9D14760-9FEE-4AB0-9FF1-61211113C0D0}.Debug|Any CPU.ActiveCfg = Debug|Any CPU
		{D9D14760-9FEE-4AB0-9FF1-61211113C0D0}.Debug|Any CPU.Build.0 = Debug|Any CPU
		{D9D14760-9FEE-4AB0-9FF1-61211113C0D0}.Release|Any CPU.ActiveCfg = Release|Any CPU
		{D9D14760-9FEE-4AB0-9FF1-61211113C0D0}.Release|Any CPU.Build.0 = Release|Any CPU
		{421BF214-F4A5-467B-B41B-6BE06997A701}.Debug|Any CPU.ActiveCfg = Debug|Any CPU
		{421BF214-F4A5-467B-B41B-6BE06997A701}.Debug|Any CPU.Build.0 = Debug|Any CPU
		{421BF214-F4A5-467B-B41B-6BE06997A701}.Release|Any CPU.ActiveCfg = Release|Any CPU
		{421BF214-F4A5-467B-B41B-6BE06997A701}.Release|Any CPU.Build.0 = Release|Any CPU
	EndGlobalSection
	GlobalSection(SolutionProperties) = preSolution
		HideSolutionNode = FALSE
	EndGlobalSection
	GlobalSection(ExtensibilityGlobals) = postSolution
		SolutionGuid = {89E4A5F4-038E-40CB-8732-09849FBB08CC}
	EndGlobalSection
EndGlobal
