
Microsoft Visual Studio Solution File, Format Version 12.00
# Visual Studio Version 17
VisualStudioVersion = 17.3.32825.248
MinimumVisualStudioVersion = 10.0.40219.1
Project("{9A19103F-16F7-4668-BE54-9A1E7A4F7556}") = "LW2", "LW2\LW2.csproj", "{A3075875-F97F-4ACA-867F-60AEF4065880}"
EndProject
Project("{FAE04EC0-301F-11D3-BF4B-00C04F79EFBC}") = "LW2.2", "LW2.2\LW2.2.csproj", "{0A168422-AE24-4570-9224-8ABBAF1E98C3}"
EndProject
Global
	GlobalSection(SolutionConfigurationPlatforms) = preSolution
		Debug|Any CPU = Debug|Any CPU
		Release|Any CPU = Release|Any CPU
	EndGlobalSection
	GlobalSection(ProjectConfigurationPlatforms) = postSolution
		{A3075875-F97F-4ACA-867F-60AEF4065880}.Debug|Any CPU.ActiveCfg = Debug|Any CPU
		{A3075875-F97F-4ACA-867F-60AEF4065880}.Debug|Any CPU.Build.0 = Debug|Any CPU
		{A3075875-F97F-4ACA-867F-60AEF4065880}.Release|Any CPU.ActiveCfg = Release|Any CPU
		{A3075875-F97F-4ACA-867F-60AEF4065880}.Release|Any CPU.Build.0 = Release|Any CPU
		{0A168422-AE24-4570-9224-8ABBAF1E98C3}.Debug|Any CPU.ActiveCfg = Debug|Any CPU
		{0A168422-AE24-4570-9224-8ABBAF1E98C3}.Debug|Any CPU.Build.0 = Debug|Any CPU
		{0A168422-AE24-4570-9224-8ABBAF1E98C3}.Release|Any CPU.ActiveCfg = Release|Any CPU
		{0A168422-AE24-4570-9224-8ABBAF1E98C3}.Release|Any CPU.Build.0 = Release|Any CPU
	EndGlobalSection
	GlobalSection(SolutionProperties) = preSolution
		HideSolutionNode = FALSE
	EndGlobalSection
	GlobalSection(ExtensibilityGlobals) = postSolution
		SolutionGuid = {F8211CA1-8658-485E-941B-7666D1C50F3F}
	EndGlobalSection
EndGlobal
